
Microsoft Visual Studio Solution File, Format Version 12.00
# Visual Studio 15
VisualStudioVersion = 15.0.28307.168
MinimumVisualStudioVersion = 10.0.40219.1
Project("{9A19103F-16F7-4668-BE54-9A1E7A4F7556}") = "HomeLoanInsuranceManagementApi", "HomeLoanInsuranceManagementApi\HomeLoanInsuranceManagementApi.csproj", "{BE3D088F-C745-4606-BE55-1068E20CAF5A}"
EndProject
Global
	GlobalSection(SolutionConfigurationPlatforms) = preSolution
		Debug|Any CPU = Debug|Any CPU
		Release|Any CPU = Release|Any CPU
	EndGlobalSection
	GlobalSection(ProjectConfigurationPlatforms) = postSolution
		{BE3D088F-C745-4606-BE55-1068E20CAF5A}.Debug|Any CPU.ActiveCfg = Debug|Any CPU
		{BE3D088F-C745-4606-BE55-1068E20CAF5A}.Debug|Any CPU.Build.0 = Debug|Any CPU
		{BE3D088F-C745-4606-BE55-1068E20CAF5A}.Release|Any CPU.ActiveCfg = Release|Any CPU
		{BE3D088F-C745-4606-BE55-1068E20CAF5A}.Release|Any CPU.Build.0 = Release|Any CPU
	EndGlobalSection
	GlobalSection(SolutionProperties) = preSolution
		HideSolutionNode = FALSE
	EndGlobalSection
	GlobalSection(ExtensibilityGlobals) = postSolution
		SolutionGuid = {5BAEBCEA-6E46-48BF-BA21-414551B26648}
	EndGlobalSection
EndGlobal
